
Microsoft Visual Studio Solution File, Format Version 12.00
# Visual Studio Version 16
VisualStudioVersion = 16.0.32126.315
MinimumVisualStudioVersion = 10.0.40219.1
Project("{2150E333-8FDC-42A3-9474-1A3956D46DE8}") = "Contents", "Contents", "{10CC6B4B-32A4-4471-8BCA-5E8B6575FF1D}"
EndProject
Project("{2150E333-8FDC-42A3-9474-1A3956D46DE8}") = "Engine", "Engine", "{456D284F-16DE-4DB3-A797-59EDB7AC13A8}"
EndProject
Project("{2150E333-8FDC-42A3-9474-1A3956D46DE8}") = "Starter", "Starter", "{64019E1B-BA84-4A0B-8805-7F590FDB3D38}"
EndProject
Project("{8BC9CEB8-8B4A-11D0-8D11-00A0C91BC942}") = "S2Engine", "Engine\S2Engine.vcxproj", "{F3DFC9E8-660A-4B7C-AC57-846BCAFFC0A8}"
EndProject
Project("{8BC9CEB8-8B4A-11D0-8D11-00A0C91BC942}") = "Protocol", "Protocol\Protocol.vcxproj", "{0AD785F8-99C3-4308-A639-707AA6B3CA5B}"
EndProject
Project("{8BC9CEB8-8B4A-11D0-8D11-00A0C91BC942}") = "World", "World\World.vcxproj", "{B73A4C9C-84EE-4B27-B3B2-784A58CD8CB5}"
	ProjectSection(ProjectDependencies) = postProject
		{F3DFC9E8-660A-4B7C-AC57-846BCAFFC0A8} = {F3DFC9E8-660A-4B7C-AC57-846BCAFFC0A8}
		{0AD785F8-99C3-4308-A639-707AA6B3CA5B} = {0AD785F8-99C3-4308-A639-707AA6B3CA5B}
	EndProjectSection
EndProject
Project("{8BC9CEB8-8B4A-11D0-8D11-00A0C91BC942}") = "Starter", "Starter\Starter.vcxproj", "{EE6DB6D5-FB5C-4667-A209-743FD08D617F}"
	ProjectSection(ProjectDependencies) = postProject
		{B73A4C9C-84EE-4B27-B3B2-784A58CD8CB5} = {B73A4C9C-84EE-4B27-B3B2-784A58CD8CB5}
		{F3DFC9E8-660A-4B7C-AC57-846BCAFFC0A8} = {F3DFC9E8-660A-4B7C-AC57-846BCAFFC0A8}
		{0AD785F8-99C3-4308-A639-707AA6B3CA5B} = {0AD785F8-99C3-4308-A639-707AA6B3CA5B}
	EndProjectSection
EndProject
Project("{8BC9CEB8-8B4A-11D0-8D11-00A0C91BC942}") = "Zone", "Zone\Zone.vcxproj", "{34A095AA-04FB-4F91-93D8-64233C0831C9}"
	ProjectSection(ProjectDependencies) = postProject
		{F3DFC9E8-660A-4B7C-AC57-846BCAFFC0A8} = {F3DFC9E8-660A-4B7C-AC57-846BCAFFC0A8}
		{0AD785F8-99C3-4308-A639-707AA6B3CA5B} = {0AD785F8-99C3-4308-A639-707AA6B3CA5B}
	EndProjectSection
EndProject
Global
	GlobalSection(SolutionConfigurationPlatforms) = preSolution
		Debug|x64 = Debug|x64
		Debug|x86 = Debug|x86
		Release|x64 = Release|x64
		Release|x86 = Release|x86
	EndGlobalSection
	GlobalSection(ProjectConfigurationPlatforms) = postSolution
		{F3DFC9E8-660A-4B7C-AC57-846BCAFFC0A8}.Debug|x64.ActiveCfg = Debug|x64
		{F3DFC9E8-660A-4B7C-AC57-846BCAFFC0A8}.Debug|x64.Build.0 = Debug|x64
		{F3DFC9E8-660A-4B7C-AC57-846BCAFFC0A8}.Debug|x86.ActiveCfg = Debug|Win32
		{F3DFC9E8-660A-4B7C-AC57-846BCAFFC0A8}.Debug|x86.Build.0 = Debug|Win32
		{F3DFC9E8-660A-4B7C-AC57-846BCAFFC0A8}.Release|x64.ActiveCfg = Release|x64
		{F3DFC9E8-660A-4B7C-AC57-846BCAFFC0A8}.Release|x64.Build.0 = Release|x64
		{F3DFC9E8-660A-4B7C-AC57-846BCAFFC0A8}.Release|x86.ActiveCfg = Release|Win32
		{F3DFC9E8-660A-4B7C-AC57-846BCAFFC0A8}.Release|x86.Build.0 = Release|Win32
		{0AD785F8-99C3-4308-A639-707AA6B3CA5B}.Debug|x64.ActiveCfg = Debug|x64
		{0AD785F8-99C3-4308-A639-707AA6B3CA5B}.Debug|x64.Build.0 = Debug|x64
		{0AD785F8-99C3-4308-A639-707AA6B3CA5B}.Debug|x86.ActiveCfg = Debug|Win32
		{0AD785F8-99C3-4308-A639-707AA6B3CA5B}.Debug|x86.Build.0 = Debug|Win32
		{0AD785F8-99C3-4308-A639-707AA6B3CA5B}.Release|x64.ActiveCfg = Release|x64
		{0AD785F8-99C3-4308-A639-707AA6B3CA5B}.Release|x64.Build.0 = Release|x64
		{0AD785F8-99C3-4308-A639-707AA6B3CA5B}.Release|x86.ActiveCfg = Release|Win32
		{0AD785F8-99C3-4308-A639-707AA6B3CA5B}.Release|x86.Build.0 = Release|Win32
		{B73A4C9C-84EE-4B27-B3B2-784A58CD8CB5}.Debug|x64.ActiveCfg = Debug|x64
		{B73A4C9C-84EE-4B27-B3B2-784A58CD8CB5}.Debug|x64.Build.0 = Debug|x64
		{B73A4C9C-84EE-4B27-B3B2-784A58CD8CB5}.Debug|x86.ActiveCfg = Debug|Win32
		{B73A4C9C-84EE-4B27-B3B2-784A58CD8CB5}.Debug|x86.Build.0 = Debug|Win32
		{B73A4C9C-84EE-4B27-B3B2-784A58CD8CB5}.Release|x64.ActiveCfg = Release|x64
		{B73A4C9C-84EE-4B27-B3B2-784A58CD8CB5}.Release|x64.Build.0 = Release|x64
		{B73A4C9C-84EE-4B27-B3B2-784A58CD8CB5}.Release|x86.ActiveCfg = Release|Win32
		{B73A4C9C-84EE-4B27-B3B2-784A58CD8CB5}.Release|x86.Build.0 = Release|Win32
		{EE6DB6D5-FB5C-4667-A209-743FD08D617F}.Debug|x64.ActiveCfg = Debug|x64
		{EE6DB6D5-FB5C-4667-A209-743FD08D617F}.Debug|x64.Build.0 = Debug|x64
		{EE6DB6D5-FB5C-4667-A209-743FD08D617F}.Debug|x86.ActiveCfg = Debug|Win32
		{EE6DB6D5-FB5C-4667-A209-743FD08D617F}.Debug|x86.Build.0 = Debug|Win32
		{EE6DB6D5-FB5C-4667-A209-743FD08D617F}.Release|x64.ActiveCfg = Release|x64
		{EE6DB6D5-FB5C-4667-A209-743FD08D617F}.Release|x64.Build.0 = Release|x64
		{EE6DB6D5-FB5C-4667-A209-743FD08D617F}.Release|x86.ActiveCfg = Release|Win32
		{EE6DB6D5-FB5C-4667-A209-743FD08D617F}.Release|x86.Build.0 = Release|Win32
		{34A095AA-04FB-4F91-93D8-64233C0831C9}.Debug|x64.ActiveCfg = Debug|x64
		{34A095AA-04FB-4F91-93D8-64233C0831C9}.Debug|x64.Build.0 = Debug|x64
		{34A095AA-04FB-4F91-93D8-64233C0831C9}.Debug|x86.ActiveCfg = Debug|Win32
		{34A095AA-04FB-4F91-93D8-64233C0831C9}.Debug|x86.Build.0 = Debug|Win32
		{34A095AA-04FB-4F91-93D8-64233C0831C9}.Release|x64.ActiveCfg = Release|x64
		{34A095AA-04FB-4F91-93D8-64233C0831C9}.Release|x64.Build.0 = Release|x64
		{34A095AA-04FB-4F91-93D8-64233C0831C9}.Release|x86.ActiveCfg = Release|Win32
		{34A095AA-04FB-4F91-93D8-64233C0831C9}.Release|x86.Build.0 = Release|Win32
	EndGlobalSection
	GlobalSection(SolutionProperties) = preSolution
		HideSolutionNode = FALSE
	EndGlobalSection
	GlobalSection(NestedProjects) = preSolution
		{F3DFC9E8-660A-4B7C-AC57-846BCAFFC0A8} = {456D284F-16DE-4DB3-A797-59EDB7AC13A8}
		{0AD785F8-99C3-4308-A639-707AA6B3CA5B} = {10CC6B4B-32A4-4471-8BCA-5E8B6575FF1D}
		{B73A4C9C-84EE-4B27-B3B2-784A58CD8CB5} = {10CC6B4B-32A4-4471-8BCA-5E8B6575FF1D}
		{EE6DB6D5-FB5C-4667-A209-743FD08D617F} = {64019E1B-BA84-4A0B-8805-7F590FDB3D38}
		{34A095AA-04FB-4F91-93D8-64233C0831C9} = {10CC6B4B-32A4-4471-8BCA-5E8B6575FF1D}
	EndGlobalSection
	GlobalSection(ExtensibilityGlobals) = postSolution
		SolutionGuid = {57A34B80-D550-40A7-83DD-908EE4AFB1B1}
	EndGlobalSection
EndGlobal
